<?xml version="1.0" encoding="utf-8"?>
<Project ToolsVersion="18.0" xmlns="http://schemas.microsoft.com/developer/msbuild/2003">
  <ItemGroup>
    <ClCompile Include="C:\s\s-programming-language\compiler_new\src\types\actor_type.cpp">
      <Filter>Source Files</Filter>
    </ClCompile>
    <ClCompile Include="C:\s\s-programming-language\compiler_new\src\types\bio_types.cpp">
      <Filter>Source Files</Filter>
    </ClCompile>
    <ClCompile Include="C:\s\s-programming-language\compiler_new\src\types\comprehension_types.cpp">
      <Filter>Source Files</Filter>
    </ClCompile>
    <ClCompile Include="C:\s\s-programming-language\compiler_new\src\types\constraint.cpp">
      <Filter>Source Files</Filter>
    </ClCompile>
    <ClCompile Include="C:\s\s-programming-language\compiler_new\src\types\constraint_cache.cpp">
      <Filter>Source Files</Filter>
    </ClCompile>
    <ClCompile Include="C:\s\s-programming-language\compiler_new\src\types\constraint_solver.cpp">
      <Filter>Source Files</Filter>
    </ClCompile>
    <ClCompile Include="C:\s\s-programming-language\compiler_new\src\types\destructure.cpp">
      <Filter>Source Files</Filter>
    </ClCompile>
    <ClCompile Include="C:\s\s-programming-language\compiler_new\src\types\early_termination.cpp">
      <Filter>Source Files</Filter>
    </ClCompile>
    <ClCompile Include="C:\s\s-programming-language\compiler_new\src\types\enum_types.cpp">
      <Filter>Source Files</Filter>
    </ClCompile>
    <ClCompile Include="C:\s\s-programming-language\compiler_new\src\types\future_type.cpp">
      <Filter>Source Files</Filter>
    </ClCompile>
    <ClCompile Include="C:\s\s-programming-language\compiler_new\src\types\generator_type.cpp">
      <Filter>Source Files</Filter>
    </ClCompile>
    <ClCompile Include="C:\s\s-programming-language\compiler_new\src\types\generic_instantiation.cpp">
      <Filter>Source Files</Filter>
    </ClCompile>
    <ClCompile Include="C:\s\s-programming-language\compiler_new\src\types\generic_type.cpp">
      <Filter>Source Files</Filter>
    </ClCompile>
    <ClCompile Include="C:\s\s-programming-language\compiler_new\src\types\generics.cpp">
      <Filter>Source Files</Filter>
    </ClCompile>
    <ClCompile Include="C:\s\s-programming-language\compiler_new\src\types\lazy_comprehension.cpp">
      <Filter>Source Files</Filter>
    </ClCompile>
    <ClCompile Include="C:\s\s-programming-language\compiler_new\src\types\optional_type.cpp">
      <Filter>Source Files</Filter>
    </ClCompile>
    <ClCompile Include="C:\s\s-programming-language\compiler_new\src\types\parallel_solver.cpp">
      <Filter>Source Files</Filter>
    </ClCompile>
    <ClCompile Include="C:\s\s-programming-language\compiler_new\src\types\pattern_checker.cpp">
      <Filter>Source Files</Filter>
    </ClCompile>
    <ClCompile Include="C:\s\s-programming-language\compiler_new\src\types\pointer_types.cpp">
      <Filter>Source Files</Filter>
    </ClCompile>
    <ClCompile Include="C:\s\s-programming-language\compiler_new\src\types\primitive_type.cpp">
      <Filter>Source Files</Filter>
    </ClCompile>
    <ClCompile Include="C:\s\s-programming-language\compiler_new\src\types\qubit_type.cpp">
      <Filter>Source Files</Filter>
    </ClCompile>
    <ClCompile Include="C:\s\s-programming-language\compiler_new\src\types\reference_types.cpp">
      <Filter>Source Files</Filter>
    </ClCompile>
    <ClCompile Include="C:\s\s-programming-language\compiler_new\src\types\struct_types.cpp">
      <Filter>Source Files</Filter>
    </ClCompile>
    <ClCompile Include="C:\s\s-programming-language\compiler_new\src\types\substitution.cpp">
      <Filter>Source Files</Filter>
    </ClCompile>
    <ClCompile Include="C:\s\s-programming-language\compiler_new\src\types\trait_system.cpp">
      <Filter>Source Files</Filter>
    </ClCompile>
    <ClCompile Include="C:\s\s-programming-language\compiler_new\src\types\type.cpp">
      <Filter>Source Files</Filter>
    </ClCompile>
    <ClCompile Include="C:\s\s-programming-language\compiler_new\src\types\type_constraint.cpp">
      <Filter>Source Files</Filter>
    </ClCompile>
    <ClCompile Include="C:\s\s-programming-language\compiler_new\src\types\type_guard.cpp">
      <Filter>Source Files</Filter>
    </ClCompile>
    <ClCompile Include="C:\s\s-programming-language\compiler_new\src\types\type_inferencer.cpp">
      <Filter>Source Files</Filter>
    </ClCompile>
    <ClCompile Include="C:\s\s-programming-language\compiler_new\src\types\type_narrowing.cpp">
      <Filter>Source Files</Filter>
    </ClCompile>
    <ClCompile Include="C:\s\s-programming-language\compiler_new\src\types\type_parameter.cpp">
      <Filter>Source Files</Filter>
    </ClCompile>
    <ClCompile Include="C:\s\s-programming-language\compiler_new\src\types\type_registry.cpp">
      <Filter>Source Files</Filter>
    </ClCompile>
    <ClCompile Include="C:\s\s-programming-language\compiler_new\src\types\type_variable.cpp">
      <Filter>Source Files</Filter>
    </ClCompile>
    <ClCompile Include="C:\s\s-programming-language\compiler_new\src\types\unification.cpp">
      <Filter>Source Files</Filter>
    </ClCompile>
    <ClCompile Include="C:\s\s-programming-language\compiler_new\src\types\union_type.cpp">
      <Filter>Source Files</Filter>
    </ClCompile>
    <ClCompile Include="C:\s\s-programming-language\compiler_new\src\types\union_types.cpp">
      <Filter>Source Files</Filter>
    </ClCompile>
  </ItemGroup>
  <ItemGroup>
    <CustomBuild Include="C:\s\s-programming-language\compiler_new\CMakeLists.txt" />
  </ItemGroup>
  <ItemGroup>
    <Filter Include="Source Files">
      <UniqueIdentifier>{2934A4E8-F3F2-33B9-A283-C5585B8E6559}</UniqueIdentifier>
    </Filter>
  </ItemGroup>
</Project>
