<?xml version="1.0" encoding="utf-8"?>
<Project ToolsVersion="18.0" xmlns="http://schemas.microsoft.com/developer/msbuild/2003">
  <ItemGroup>
    <ClCompile Include="C:\s\s-programming-language\compiler_new\src\middle\async_comprehension.cpp">
      <Filter>Source Files</Filter>
    </ClCompile>
    <ClCompile Include="C:\s\s-programming-language\compiler_new\src\middle\async_transform.cpp">
      <Filter>Source Files</Filter>
    </ClCompile>
    <ClCompile Include="C:\s\s-programming-language\compiler_new\src\middle\class_desugar.cpp">
      <Filter>Source Files</Filter>
    </ClCompile>
    <ClCompile Include="C:\s\s-programming-language\compiler_new\src\middle\constant_folding_pass.cpp">
      <Filter>Source Files</Filter>
    </ClCompile>
    <ClCompile Include="C:\s\s-programming-language\compiler_new\src\middle\copy_propagation_pass.cpp">
      <Filter>Source Files</Filter>
    </ClCompile>
    <ClCompile Include="C:\s\s-programming-language\compiler_new\src\middle\cse_pass.cpp">
      <Filter>Source Files</Filter>
    </ClCompile>
    <ClCompile Include="C:\s\s-programming-language\compiler_new\src\middle\dead_code_elimination_pass.cpp">
      <Filter>Source Files</Filter>
    </ClCompile>
    <ClCompile Include="C:\s\s-programming-language\compiler_new\src\middle\optimizer.cpp">
      <Filter>Source Files</Filter>
    </ClCompile>
    <ClCompile Include="C:\s\s-programming-language\compiler_new\src\middle\pass.cpp">
      <Filter>Source Files</Filter>
    </ClCompile>
    <ClCompile Include="C:\s\s-programming-language\compiler_new\src\middle\pass_manager.cpp">
      <Filter>Source Files</Filter>
    </ClCompile>
    <ClCompile Include="C:\s\s-programming-language\compiler_new\src\middle\register_coalescing_pass.cpp">
      <Filter>Source Files</Filter>
    </ClCompile>
  </ItemGroup>
  <ItemGroup>
    <CustomBuild Include="C:\s\s-programming-language\compiler_new\CMakeLists.txt" />
  </ItemGroup>
  <ItemGroup>
    <Filter Include="Source Files">
      <UniqueIdentifier>{2934A4E8-F3F2-33B9-A283-C5585B8E6559}</UniqueIdentifier>
    </Filter>
  </ItemGroup>
</Project>
