<?xml version="1.0" encoding="utf-8"?>
<Project ToolsVersion="18.0" xmlns="http://schemas.microsoft.com/developer/msbuild/2003">
  <ItemGroup>
    <CustomBuild Include="C:\s\s-programming-language\compiler_new\build_vs18\CMakeFiles\21ffe2f172c2788b8c23fb5004d20243\generate.stamp.rule">
      <Filter>CMake Rules</Filter>
    </CustomBuild>
  </ItemGroup>
  <ItemGroup>
    <Filter Include="CMake Rules">
      <UniqueIdentifier>{07EBE510-217A-3143-9D94-94A16EE84F34}</UniqueIdentifier>
    </Filter>
  </ItemGroup>
</Project>
