
Microsoft Visual Studio Solution File, Format Version 12.00
# Visual Studio Version 17
Project("{8BC9CEB8-8B4A-11D0-8D11-00A0C91BC942}") = "ALL_BUILD", "ALL_BUILD.vcxproj", "{8D482E06-6F03-3380-B247-E463F9832046}"
	ProjectSection(ProjectDependencies) = postProject
		{E973981A-2FCD-35E0-95BC-C218639CF759} = {E973981A-2FCD-35E0-95BC-C218639CF759}
		{B1C7330D-A305-3EBC-9E4A-E16E12C08CEE} = {B1C7330D-A305-3EBC-9E4A-E16E12C08CEE}
	EndProjectSection
EndProject
Project("{8BC9CEB8-8B4A-11D0-8D11-00A0C91BC942}") = "RISCVTargetParserTableGen", "RISCVTargetParserTableGen.vcxproj", "{637FEA1F-0A1F-3E00-ABC8-454322D3CD90}"
	ProjectSection(ProjectDependencies) = postProject
		{E973981A-2FCD-35E0-95BC-C218639CF759} = {E973981A-2FCD-35E0-95BC-C218639CF759}
	EndProjectSection
EndProject
Project("{8BC9CEB8-8B4A-11D0-8D11-00A0C91BC942}") = "RUN_TESTS", "RUN_TESTS.vcxproj", "{7A7B0611-6F22-3421-A940-88269A2FE17D}"
	ProjectSection(ProjectDependencies) = postProject
		{E973981A-2FCD-35E0-95BC-C218639CF759} = {E973981A-2FCD-35E0-95BC-C218639CF759}
	EndProjectSection
EndProject
Project("{8BC9CEB8-8B4A-11D0-8D11-00A0C91BC942}") = "ZERO_CHECK", "ZERO_CHECK.vcxproj", "{E973981A-2FCD-35E0-95BC-C218639CF759}"
	ProjectSection(ProjectDependencies) = postProject
	EndProjectSection
EndProject
Project("{8BC9CEB8-8B4A-11D0-8D11-00A0C91BC942}") = "acc_gen", "acc_gen.vcxproj", "{4C029D29-22F7-3B4C-B691-9AF1DA5D4FC0}"
	ProjectSection(ProjectDependencies) = postProject
		{E973981A-2FCD-35E0-95BC-C218639CF759} = {E973981A-2FCD-35E0-95BC-C218639CF759}
	EndProjectSection
EndProject
Project("{8BC9CEB8-8B4A-11D0-8D11-00A0C91BC942}") = "intrinsics_gen", "intrinsics_gen.vcxproj", "{45491490-DA85-3463-AC07-E83BC241EA87}"
	ProjectSection(ProjectDependencies) = postProject
		{E973981A-2FCD-35E0-95BC-C218639CF759} = {E973981A-2FCD-35E0-95BC-C218639CF759}
	EndProjectSection
EndProject
Project("{8BC9CEB8-8B4A-11D0-8D11-00A0C91BC942}") = "llvm_backend_tests", "llvm_backend_tests.vcxproj", "{B1C7330D-A305-3EBC-9E4A-E16E12C08CEE}"
	ProjectSection(ProjectDependencies) = postProject
		{E973981A-2FCD-35E0-95BC-C218639CF759} = {E973981A-2FCD-35E0-95BC-C218639CF759}
	EndProjectSection
EndProject
Project("{8BC9CEB8-8B4A-11D0-8D11-00A0C91BC942}") = "omp_gen", "omp_gen.vcxproj", "{7DB066DF-65B9-3E50-99A5-E3A87C184BAF}"
	ProjectSection(ProjectDependencies) = postProject
		{E973981A-2FCD-35E0-95BC-C218639CF759} = {E973981A-2FCD-35E0-95BC-C218639CF759}
	EndProjectSection
EndProject
Global
	GlobalSection(SolutionConfigurationPlatforms) = preSolution
		Debug|x64 = Debug|x64
		Release|x64 = Release|x64
		MinSizeRel|x64 = MinSizeRel|x64
		RelWithDebInfo|x64 = RelWithDebInfo|x64
	EndGlobalSection
	GlobalSection(ProjectConfigurationPlatforms) = postSolution
		{8D482E06-6F03-3380-B247-E463F9832046}.Debug|x64.ActiveCfg = Debug|x64
		{8D482E06-6F03-3380-B247-E463F9832046}.Release|x64.ActiveCfg = Release|x64
		{8D482E06-6F03-3380-B247-E463F9832046}.MinSizeRel|x64.ActiveCfg = MinSizeRel|x64
		{8D482E06-6F03-3380-B247-E463F9832046}.RelWithDebInfo|x64.ActiveCfg = RelWithDebInfo|x64
		{637FEA1F-0A1F-3E00-ABC8-454322D3CD90}.Debug|x64.ActiveCfg = Debug|x64
		{637FEA1F-0A1F-3E00-ABC8-454322D3CD90}.Release|x64.ActiveCfg = Release|x64
		{637FEA1F-0A1F-3E00-ABC8-454322D3CD90}.MinSizeRel|x64.ActiveCfg = MinSizeRel|x64
		{637FEA1F-0A1F-3E00-ABC8-454322D3CD90}.RelWithDebInfo|x64.ActiveCfg = RelWithDebInfo|x64
		{7A7B0611-6F22-3421-A940-88269A2FE17D}.Debug|x64.ActiveCfg = Debug|x64
		{7A7B0611-6F22-3421-A940-88269A2FE17D}.Release|x64.ActiveCfg = Release|x64
		{7A7B0611-6F22-3421-A940-88269A2FE17D}.MinSizeRel|x64.ActiveCfg = MinSizeRel|x64
		{7A7B0611-6F22-3421-A940-88269A2FE17D}.RelWithDebInfo|x64.ActiveCfg = RelWithDebInfo|x64
		{E973981A-2FCD-35E0-95BC-C218639CF759}.Debug|x64.ActiveCfg = Debug|x64
		{E973981A-2FCD-35E0-95BC-C218639CF759}.Debug|x64.Build.0 = Debug|x64
		{E973981A-2FCD-35E0-95BC-C218639CF759}.Release|x64.ActiveCfg = Release|x64
		{E973981A-2FCD-35E0-95BC-C218639CF759}.Release|x64.Build.0 = Release|x64
		{E973981A-2FCD-35E0-95BC-C218639CF759}.MinSizeRel|x64.ActiveCfg = MinSizeRel|x64
		{E973981A-2FCD-35E0-95BC-C218639CF759}.MinSizeRel|x64.Build.0 = MinSizeRel|x64
		{E973981A-2FCD-35E0-95BC-C218639CF759}.RelWithDebInfo|x64.ActiveCfg = RelWithDebInfo|x64
		{E973981A-2FCD-35E0-95BC-C218639CF759}.RelWithDebInfo|x64.Build.0 = RelWithDebInfo|x64
		{4C029D29-22F7-3B4C-B691-9AF1DA5D4FC0}.Debug|x64.ActiveCfg = Debug|x64
		{4C029D29-22F7-3B4C-B691-9AF1DA5D4FC0}.Release|x64.ActiveCfg = Release|x64
		{4C029D29-22F7-3B4C-B691-9AF1DA5D4FC0}.MinSizeRel|x64.ActiveCfg = MinSizeRel|x64
		{4C029D29-22F7-3B4C-B691-9AF1DA5D4FC0}.RelWithDebInfo|x64.ActiveCfg = RelWithDebInfo|x64
		{45491490-DA85-3463-AC07-E83BC241EA87}.Debug|x64.ActiveCfg = Debug|x64
		{45491490-DA85-3463-AC07-E83BC241EA87}.Release|x64.ActiveCfg = Release|x64
		{45491490-DA85-3463-AC07-E83BC241EA87}.MinSizeRel|x64.ActiveCfg = MinSizeRel|x64
		{45491490-DA85-3463-AC07-E83BC241EA87}.RelWithDebInfo|x64.ActiveCfg = RelWithDebInfo|x64
		{B1C7330D-A305-3EBC-9E4A-E16E12C08CEE}.Debug|x64.ActiveCfg = Debug|x64
		{B1C7330D-A305-3EBC-9E4A-E16E12C08CEE}.Debug|x64.Build.0 = Debug|x64
		{B1C7330D-A305-3EBC-9E4A-E16E12C08CEE}.Release|x64.ActiveCfg = Release|x64
		{B1C7330D-A305-3EBC-9E4A-E16E12C08CEE}.Release|x64.Build.0 = Release|x64
		{B1C7330D-A305-3EBC-9E4A-E16E12C08CEE}.MinSizeRel|x64.ActiveCfg = MinSizeRel|x64
		{B1C7330D-A305-3EBC-9E4A-E16E12C08CEE}.MinSizeRel|x64.Build.0 = MinSizeRel|x64
		{B1C7330D-A305-3EBC-9E4A-E16E12C08CEE}.RelWithDebInfo|x64.ActiveCfg = RelWithDebInfo|x64
		{B1C7330D-A305-3EBC-9E4A-E16E12C08CEE}.RelWithDebInfo|x64.Build.0 = RelWithDebInfo|x64
		{7DB066DF-65B9-3E50-99A5-E3A87C184BAF}.Debug|x64.ActiveCfg = Debug|x64
		{7DB066DF-65B9-3E50-99A5-E3A87C184BAF}.Release|x64.ActiveCfg = Release|x64
		{7DB066DF-65B9-3E50-99A5-E3A87C184BAF}.MinSizeRel|x64.ActiveCfg = MinSizeRel|x64
		{7DB066DF-65B9-3E50-99A5-E3A87C184BAF}.RelWithDebInfo|x64.ActiveCfg = RelWithDebInfo|x64
	EndGlobalSection
	GlobalSection(ExtensibilityGlobals) = postSolution
		SolutionGuid = {00F5A68B-D8A6-3893-926A-8C9FFD5FB619}
	EndGlobalSection
	GlobalSection(ExtensibilityAddIns) = postSolution
	EndGlobalSection
EndGlobal
